
Microsoft Visual Studio Solution File, Format Version 12.00
# Visual Studio 2013
VisualStudioVersion = 12.0.21005.1
MinimumVisualStudioVersion = 10.0.40219.1
Project("{FAE04EC0-301F-11D3-BF4B-00C04F79EFBC}") = "pCOLAD02", "pCOLAD02.csproj", "{227B776D-8866-49E8-8C93-809CCF86AF12}"
EndProject
Project("{FAE04EC0-301F-11D3-BF4B-00C04F79EFBC}") = "MyDataCollector", "MyDataCollector\MyDataCollector.csproj", "{497FC54C-6433-47F2-B92E-E500BC0DF80E}"
EndProject
Global
	GlobalSection(SolutionConfigurationPlatforms) = preSolution
		Debug|Any CPU = Debug|Any CPU
		Release|Any CPU = Release|Any CPU
	EndGlobalSection
	GlobalSection(ProjectConfigurationPlatforms) = postSolution
		{227B776D-8866-49E8-8C93-809CCF86AF12}.Debug|Any CPU.ActiveCfg = Debug|Any CPU
		{227B776D-8866-49E8-8C93-809CCF86AF12}.Debug|Any CPU.Build.0 = Debug|Any CPU
		{227B776D-8866-49E8-8C93-809CCF86AF12}.Release|Any CPU.ActiveCfg = Release|Any CPU
		{227B776D-8866-49E8-8C93-809CCF86AF12}.Release|Any CPU.Build.0 = Release|Any CPU
		{497FC54C-6433-47F2-B92E-E500BC0DF80E}.Debug|Any CPU.ActiveCfg = Debug|Any CPU
		{497FC54C-6433-47F2-B92E-E500BC0DF80E}.Debug|Any CPU.Build.0 = Debug|Any CPU
		{497FC54C-6433-47F2-B92E-E500BC0DF80E}.Release|Any CPU.ActiveCfg = Release|Any CPU
		{497FC54C-6433-47F2-B92E-E500BC0DF80E}.Release|Any CPU.Build.0 = Release|Any CPU
	EndGlobalSection
	GlobalSection(SolutionProperties) = preSolution
		HideSolutionNode = FALSE
	EndGlobalSection
EndGlobal
